
Microsoft Visual Studio Solution File, Format Version 12.00
# Visual Studio Version 17
VisualStudioVersion = 17.7.34221.43
MinimumVisualStudioVersion = 10.0.40219.1
Project("{FAE04EC0-301F-11D3-BF4B-00C04F79EFBC}") = "wordCountAPI", "wordCountAPI\wordCountAPI.csproj", "{A792661E-1500-472A-B8E1-1115F00E75E8}"
EndProject
Global
	GlobalSection(SolutionConfigurationPlatforms) = preSolution
		Debug|Any CPU = Debug|Any CPU
		Release|Any CPU = Release|Any CPU
	EndGlobalSection
	GlobalSection(ProjectConfigurationPlatforms) = postSolution
		{A792661E-1500-472A-B8E1-1115F00E75E8}.Debug|Any CPU.ActiveCfg = Debug|Any CPU
		{A792661E-1500-472A-B8E1-1115F00E75E8}.Debug|Any CPU.Build.0 = Debug|Any CPU
		{A792661E-1500-472A-B8E1-1115F00E75E8}.Release|Any CPU.ActiveCfg = Release|Any CPU
		{A792661E-1500-472A-B8E1-1115F00E75E8}.Release|Any CPU.Build.0 = Release|Any CPU
	EndGlobalSection
	GlobalSection(SolutionProperties) = preSolution
		HideSolutionNode = FALSE
	EndGlobalSection
	GlobalSection(ExtensibilityGlobals) = postSolution
		SolutionGuid = {4E31D955-BC9D-42AE-BCD2-9C477EB2EE63}
	EndGlobalSection
EndGlobal
